
Microsoft Visual Studio Solution File, Format Version 12.00
# Visual Studio Version 16
VisualStudioVersion = 16.0.29403.142
MinimumVisualStudioVersion = 10.0.40219.1
Project("{FAE04EC0-301F-11D3-BF4B-00C04F79EFBC}") = "DuckSim", "DuckSim\DuckSim.csproj", "{CDBF2BFC-6F24-406E-87BC-3E1FE76AA3D1}"
EndProject
Global
	GlobalSection(SolutionConfigurationPlatforms) = preSolution
		Debug|Any CPU = Debug|Any CPU
		Release|Any CPU = Release|Any CPU
	EndGlobalSection
	GlobalSection(ProjectConfigurationPlatforms) = postSolution
		{CDBF2BFC-6F24-406E-87BC-3E1FE76AA3D1}.Debug|Any CPU.ActiveCfg = Debug|Any CPU
		{CDBF2BFC-6F24-406E-87BC-3E1FE76AA3D1}.Debug|Any CPU.Build.0 = Debug|Any CPU
		{CDBF2BFC-6F24-406E-87BC-3E1FE76AA3D1}.Release|Any CPU.ActiveCfg = Release|Any CPU
		{CDBF2BFC-6F24-406E-87BC-3E1FE76AA3D1}.Release|Any CPU.Build.0 = Release|Any CPU
	EndGlobalSection
	GlobalSection(SolutionProperties) = preSolution
		HideSolutionNode = FALSE
	EndGlobalSection
	GlobalSection(ExtensibilityGlobals) = postSolution
		SolutionGuid = {59A0B3D2-3D06-46E6-A434-9AA5B887741B}
	EndGlobalSection
EndGlobal
